{
  "name": "kanban-bookkeeping-multiplayer",
  "version": "0.31.22",
  "lockfileVersion": 3,
  "requires": true,
  "packages": {
    "": {
      "name": "kanban-bookkeeping-multiplayer",
      "version": "0.31.22",
      "dependencies": {
        "express": "^4.21.2",
        "socket.io": "^4.8.1"
      },
      "engines": {
        "node": ">=20 <23"
      }
    },
    "node_modules/@socket.io/component-emitter": {
      "version": "3.1.2",
      "resolved": "https://registry.npmjs.org/@socket.io/component-emitter/-/component-emitter-3.1.2.tgz",
      "integrity": "sha512-9BCxFwvbGg/RsZK9tjXd8s4UcwR0MWeFQ1XEKIQVVvAGJyINdrqKMcTRyLoK8Rse1GjzLV9cwjWV1olXRWEXVA==",
      "license": "MIT"
    },
    "node_modules/@types/cors": {
      "version": "2.8.19",
      "resolved": "https://registry.npmjs.org/@types/cors/-/cors-2.8.19.tgz",
      "integrity": "sha512-mFNylyeyqN93lfe/9CSxOGREz8cpzAhH+E93xJ4xWQf62V8sQ/24reV2nyzUWM6H6Xji+GGHpkbLe7pVoUEskg==",
      "license": "MIT",
      "dependencies": {
        "@types/node": "*"
      }
    },
    "node_modules/@types/node": {
      "version": "26.6.4",
      "resolved": "https://registry.npmjs.org/@types/node/-/node-26.6.4.tgz",
      "integrity": "sha512-ldVPDCzj7fsaGZrLB0NuHuTvJcsNasysBAqMolr/cgxrLd1xbqxIr3XJiPnHHJUCxj5sNF1vnRj9aWnrVh5Jcg==",
      "license": "MIT",
      "dependencies": {
        "undici-types": "~8.9.0"
      }
    },
    "node_modules/@types/ws": {
      "version": "8.18.2",
      "resolved": "https://registry.npmjs.org/@types/ws/-/ws-8.18.2.tgz",
      "integrity": "sha512-67MQl+fpWKVTT1NYdnmo3U4sc/xPo/zQBncVnI74qmQa0z/b+1g6iYqNmGCPbxO+zz2aklb08a0oHfegiVd0/w==",
      "license": "MIT",
      "dependencies": {
        "@types/node": "*"
      }
    },
    "node_modules/accepts": {
      "version": "1.3.8",
      "resolved": "https://registry.npmjs.org/accepts/-/accepts-1.3.8.tgz",
      "integrity": "sha512-PYAthTa2m2VKxuvSD3DPC/Gy+U+sOA1LAuT8mkmRuvw+NACSaeXEQ+NHcVF7rONl6qcaxV3Uuemwawk+7+SJLw==",
      "license": "MIT",
      "dependencies": {
        "mime-types": "~2.1.34",
        "negotiator": "0.6.3"
      },
      "engines": {
        "node": ">= 0.6"
      }
    },
    "node_modules/array-flatten": {
      "version": "1.1.1",
      "resolved": "https://registry.npmjs.org/array-flatten/-/array-flatten-1.1.1.tgz",
      "integrity": "sha512-PCVAQswWemu6UdxsDFFX/+gVeYqKAod3D3UVm91jHwynguOwAvYPhx8nNlM++NqRcK6CxxpUafjmhIdKiHibqg==",
      "license": "MIT"
    },
    "node_modules/body-parser": {
      "version": "1.20.8",
      "resolved": "https://registry.npmjs.org/body-parser/-/body-parser-1.20.8.tgz",
      "integrity": "sha512-JNcyFQ64OiijEkPzUBTCe+hyPXUD/3LEldGQ6iF5LR1w00mx9o7xtDWHXBY2iItjdCFGoilOLNQbH943ut7pHA==",
      "license": "MIT",
      "dependencies": {
        "bytes": "~3.1.2",
        "content-type": "~1.0.5",
        "debug": "2.6.9",
        "depd": "2.0.0",
        "destroy": "~1.2.0",
        "http-errors": "~2.0.1",
        "iconv-lite": "~0.4.24",
        "on-finished": "~2.4.1",
        "qs": "~6.16.0",
        "raw-body": "~2.5.3",
        "type-is": "~1.6.18",
        "unpipe": "~1.0.0"
      },
      "engines": {
        "node": ">= 0.8",
        "npm": "1.2.8000 || >= 1.4.16"
      }
    },
    "node_modules/bytes": {
      "version": "3.1.2",
      "resolved": "https://registry.npmjs.org/bytes/-/bytes-3.1.2.tgz",
      "integrity": "sha512-/Nf7TyzTx6S3yRJObOAV7956r8cr2+Oj8AC5dt8wSP3BQAoeX58NoHyCU8P8zGkNXStjTSi6fzO6F0pBdcYbEg==",
      "license": "MIT",
      "engines": {
        "node": ">= 0.8"
      }
    },
    "node_modules/call-bind-apply-helpers": {
      "version": "1.0.2",
      "resolved": "https://registry.npmjs.org/call-bind-apply-helpers/-/call-bind-apply-helpers-1.0.2.tgz",
      "integrity": "sha512-Sp1ablJ0ivDkSzjcaJdxEunN5/XvksFJ2sMBFfq6x0ryhQV/2b/KwFe21cMpmHtPOSij8K99/wSfoEuTObmuMQ==",
      "license": "MIT",
      "dependencies": {
        "es-errors": "^1.3.0",
        "function-bind": "^1.1.2"
      },
      "engines": {
        "node": ">= 0.4"
      }
    },
    "node_modules/call-bound": {
      "version": "1.0.4",
      "resolved": "https://registry.npmjs.org/call-bound/-/call-bound-1.0.4.tgz",
      "integrity": "sha512-+ys997U96po4Kx/ABpBCqhA9EuxJaQWDQg7295H4hBphv3IZg0boBKuwYpt4YXp6MZ5AmZQnU/tyMTlRpaSejg==",
      "license": "MIT",
      "dependencies": {
        "call-bind-apply-helpers": "^1.0.2",
        "get-intrinsic": "^1.3.0"
      },
      "engines": {
        "node": ">= 0.4"
      },
      "funding": {
        "url": "https://github.com/sponsors/ljharb"
      }
    },
    "node_modules/content-disposition": {
      "version": "0.5.4",
      "resolved": "https://registry.npmjs.org/content-disposition/-/content-disposition-0.5.4.tgz",
      "integrity": "sha512-FveZTNuGw04cxlAiWbzi6zTAL/lhehaWbTtgluJh4/E95DqMwTmha3KZN1aAWA8cFIhHzMZUvLevkw5Rqk+tSQ==",
      "license": "MIT",
      "dependencies": {
        "safe-buffer": "5.2.1"
      },
      "engines": {
        "node": ">= 0.6"
      }
    },
    "node_modules/content-type": {
      "version": "1.0.5",
      "resolved": "https://registry.npmjs.org/content-type/-/content-type-1.0.5.tgz",
      "integrity": "sha512-nTjqfcBFEipKdXCv4YDQWCfmcLZKm81ldF0pAopTvyrFGVbcR6P/VAAd5G7N+0tTr8QqiU0tFadD6FK4NtJwOA==",
      "license": "MIT",
      "engines": {
        "node": ">= 0.6"
      }
    },
    "node_modules/cookie": {
      "version": "0.7.2",
      "resolved": "https://registry.npmjs.org/cookie/-/cookie-0.7.2.tgz",
      "integrity": "sha512-yki5XnKuf750l50uGTllt6kKILY4nQ1eNIQatoXEByZ5dWgnKqbnqmTrBE5B4N7lrMJKQ2ytWMiTO2o0v6Ew/w==",
      "license": "MIT",
      "engines": {
        "node": ">= 0.6"
      }
    },
    "node_modules/cookie-signature": {
      "version": "1.0.7",
      "resolved": "https://registry.npmjs.org/cookie-signature/-/cookie-signature-1.0.7.tgz",
      "integrity": "sha512-NXdYc3dLr47pBkpUCHtKSwIOQXLVn8dZEuywboCOJY/osA0wFSLlSawr3KN8qXJEyX66FcONTH8EIlVuK0yyFA==",
      "license": "MIT"
    },
    "node_modules/cors": {
      "version": "2.8.6",
      "resolved": "https://registry.npmjs.org/cors/-/cors-2.8.6.tgz",
      "integrity": "sha512-tJtZBBHA6vjIAaF6EnIaq6laBBP9aq/Y3ouVJjEfoHbRBcHBAHYcMh/w8LDrk2PvIMMq8gmopa5D4V8RmbrxGw==",
      "license": "MIT",
      "dependencies": {
        "object-assign": "^4",
        "vary": "^1"
      },
      "engines": {
        "node": ">= 0.10"
      },
      "funding": {
        "type": "opencollective",
        "url": "https://opencollective.com/express"
      }
    },
    "node_modules/debug": {
      "version": "2.6.9",
      "resolved": "https://registry.npmjs.org/debug/-/debug-2.6.9.tgz",
      "integrity": "sha512-bC7ElrdJaJnPbAP+1EotYvqZsb3ecl5wi6Bfi6BJTUcNowp6cvspg0jXznRTKDjm/E7AdgFBVeAPVMNcKGsHMA==",
      "license": "MIT",
      "dependencies": {
        "ms": "2.0.0"
      }
    },
    "node_modules/depd": {
      "version": "2.0.0",
      "resolved": "https://registry.npmjs.org/depd/-/depd-2.0.0.tgz",
      "integrity": "sha512-g7nH6P6dyDioJogAAGprGpCtVImJhpPk/roCzdb3fIh61/s/nPsfR6onyMwkCAR/OlC3yBC0lESvUoQEAssIrw==",
      "license": "MIT",
      "engines": {
        "node": ">= 0.8"
      }
    },
    "node_modules/destroy": {
      "version": "1.2.0",
      "resolved": "https://registry.npmjs.org/destroy/-/destroy-1.2.0.tgz",
      "integrity": "sha512-2sJGJTaXIIaR1w4iJSNoN0hnMY7Gpc/n8D4qSCJw8QqFWXf7cuAgnEHxBpweaVcPevC2l3KpjYCx3NypQQgaJg==",
      "license": "MIT",
      "engines": {
        "node": ">= 0.8",
        "npm": "1.2.8000 || >= 1.4.16"
      }
    },
    "node_modules/dunder-proto": {
      "version": "1.0.1",
      "resolved": "https://registry.npmjs.org/dunder-proto/-/dunder-proto-1.0.1.tgz",
      "integrity": "sha512-KIN/nDJBQRcXw0MLVhZE9iQHmG68qAVIBg9CqmUYjmQIhgij9U5MFvrqkUL5FbtyyzZuOeOt0zdeRe4UY7ct+A==",
      "license": "MIT",
      "dependencies": {
        "call-bind-apply-helpers": "^1.0.1",
        "es-errors": "^1.3.0",
        "gopd": "^1.2.0"
      },
      "engines": {
        "node": ">= 0.4"
      }
    },
    "node_modules/ee-first": {
      "version": "1.1.1",
      "resolved": "https://registry.npmjs.org/ee-first/-/ee-first-1.1.1.tgz",
      "integrity": "sha512-WMwm9LhRUo+WUaRN+vRuETqG89IgZphVSNkdFgeb6sS/E4OrDIN7t48CAewSHXc6C8lefD8KKfr5vY61brQlow==",
      "license": "MIT"
    },
    "node_modules/encodeurl": {
      "version": "2.0.0",
      "resolved": "https://registry.npmjs.org/encodeurl/-/encodeurl-2.0.0.tgz",
      "integrity": "sha512-Q0n9HRi4m6JuGIV1eFlmvJB7ZEVxu93IrMyiMsGC0lrMJMWzRgx6WGquyfQgZVb31vhGgXnfmPNNXmxnOkRBrg==",
      "license": "MIT",
      "engines": {
        "node": ">= 0.8"
      }
    },
    "node_modules/engine.io": {
      "version": "6.6.11",
      "resolved": "https://registry.npmjs.org/engine.io/-/engine.io-6.6.11.tgz",
      "integrity": "sha512-z34mGpLoY/82ZbkX1LqGMIaf3wjVMPL6gVC681QDqnmzJ26synI8qAE32P+a7UazmpJZ8UGrFIeAavgRfXzYrg==",
      "license": "MIT",
      "dependencies": {
        "@types/cors": "^2.8.12",
        "@types/node": ">=10.0.0",
        "@types/ws": "^8.5.12",
        "accepts": "~1.3.4",
        "cookie": "~0.7.2",
        "cors": "~2.8.5",
        "debug": "~4.4.1",
        "engine.io-parser": "~5.2.1",
        "ws": "~8.21.0"
      },
      "engines": {
        "node": ">=10.2.0"
      }
    },
    "node_modules/engine.io-parser": {
      "version": "5.2.3",
      "resolved": "https://registry.npmjs.org/engine.io-parser/-/engine.io-parser-5.2.3.tgz",
      "integrity": "sha512-HqD3yTBfnBxIrbnM1DoD6Pcq8NECnh8d4As1Qgh0z5Gg3jRRIqijury0CL3ghu/edArpUYiYqQiDUQBIs4np3Q==",
      "license": "MIT",
      "engines": {
        "node": ">=10.0.0"
      }
    },
    "node_modules/engine.io/node_modules/debug": {
      "version": "4.4.3",
      "resolved": "https://registry.npmjs.org/debug/-/debug-4.4.3.tgz",
      "integrity": "sha512-RGwwWnwQvkVfavKVt22FGLw+xYSdzARwm0ru6DhTVA3umU5hZc28V3kO4stgYryrTlLpuvgI9GiijltAjNbcqA==",
      "license": "MIT",
      "dependencies": {
        "ms": "^2.1.3"
      },
      "engines": {
        "node": ">=6.0"
      },
      "peerDependenciesMeta": {
        "supports-color": {
          "optional": true
        }
      }
    },
    "node_modules/engine.io/node_modules/ms": {
      "version": "2.1.3",
      "resolved": "https://registry.npmjs.org/ms/-/ms-2.1.3.tgz",
      "integrity": "sha512-6FlzubTLZG3J2a/NVCAleEhjzq5oxgHyaCU9yYXvcLsvoVaHJq/s5xXI6/XXP6tz7R9xAOtHnSO/tXtF3WRTlA==",
      "license": "MIT"
    },
    "node_modules/es-define-property": {
      "version": "1.0.1",
      "resolved": "https://registry.npmjs.org/es-define-property/-/es-define-property-1.0.1.tgz",
      "integrity": "sha512-e3nRfgfUZ4rNGL232gUgX06QNyyez04KdjFrF+LTRoOXmrOgFKDg4BCdsjW8EnT69eqdYGmRpJwiPVYNrCaW3g==",
      "license": "MIT",
      "engines": {
        "node": ">= 0.4"
      }
    },
    "node_modules/es-errors": {
      "version": "1.3.0",
      "resolved": "https://registry.npmjs.org/es-errors/-/es-errors-1.3.0.tgz",
      "integrity": "sha512-Zf5H2Kxt2xjTvbJvP2ZWLEICxA6j+hAmMzIlypy4xcBg1vKVnx89Wy0GbS+kf5cwCVFFzdCFh2XSCFNULS6csw==",
      "license": "MIT",
      "engines": {
        "node": ">= 0.4"
      }
    },
    "node_modules/es-object-atoms": {
      "version": "1.1.2",
      "resolved": "https://registry.npmjs.org/es-object-atoms/-/es-object-atoms-1.1.2.tgz",
      "integrity": "sha512-HWcBoN6NileqtSydK2FqHbS/LoDd2pqrnQHLyJzBj4kOp/ky2MWMN694xOfkK8/SnUsW2DH7EfyVlydKCsm1Zw==",
      "license": "MIT",
      "dependencies": {
        "es-errors": "^1.3.0"
      },
      "engines": {
        "node": ">= 0.4"
      }
    },
    "node_modules/escape-html": {
      "version": "1.0.3",
      "resolved": "https://registry.npmjs.org/escape-html/-/escape-html-1.0.3.tgz",
      "integrity": "sha512-NiSupZ4OeuGwr68lGIeym/ksIZMJodUGOSCZ/FSnTxcrekbvqrgdUxlJOMpijaKZVjAJrWrGs/6Jy8OMuyj9ow==",
      "license": "MIT"
    },
    "node_modules/etag": {
      "version": "1.8.1",
      "resolved": "https://registry.npmjs.org/etag/-/etag-1.8.1.tgz",
      "integrity": "sha512-aIL5Fx7mawVa300al2BnEE4iNvo1qETxLrPI/o05L7z6go7fCw1J6EQmbK4FmJ2AS7kgVF/KEZWufBfdClMcPg==",
      "license": "MIT",
      "engines": {
        "node": ">= 0.6"
      }
    },
    "node_modules/express": {
      "version": "4.22.3",
      "resolved": "https://registry.npmjs.org/express/-/express-4.22.3.tgz",
      "integrity": "sha512-Bdcs4+3qlpVlx2NRn6fgX2Ue2/gGRaPeawebgclM0ERSCqDpA+owF1fdPwjJUTAJWMTuAaxjDf+hzb0/4eKvvw==",
      "license": "MIT",
      "dependencies": {
        "accepts": "~1.3.8",
        "array-flatten": "1.1.1",
        "body-parser": "~1.20.5",
        "content-disposition": "~0.5.4",
        "content-type": "~1.0.4",
        "cookie": "~0.7.1",
        "cookie-signature": "~1.0.6",
        "debug": "2.6.9",
        "depd": "2.0.0",
        "encodeurl": "~2.0.0",
        "escape-html": "~1.0.3",
        "etag": "~1.8.1",
        "finalhandler": "~1.3.1",
        "fresh": "~0.5.2",
        "http-errors": "~2.0.0",
        "merge-descriptors": "1.0.3",
        "methods": "~1.1.2",
        "on-finished": "~2.4.1",
        "parseurl": "~1.3.3",
        "path-to-regexp": "~0.1.13",
        "proxy-addr": "~2.0.7",
        "qs": "~6.16.0",
        "range-parser": "~1.2.1",
        "safe-buffer": "5.2.1",
        "send": "~0.19.0",
        "serve-static": "~1.16.2",
        "setprototypeof": "1.2.0",
        "statuses": "~2.0.1",
        "type-is": "~1.6.18",
        "utils-merge": "1.0.1",
        "vary": "~1.1.2"
      },
      "engines": {
        "node": ">= 0.10.0"
      },
      "funding": {
        "type": "opencollective",
        "url": "https://opencollective.com/express"
      }
    },
    "node_modules/finalhandler": {
      "version": "1.3.2",
      "resolved": "https://registry.npmjs.org/finalhandler/-/finalhandler-1.3.2.tgz",
      "integrity": "sha512-aA4RyPcd3badbdABGDuTXCMTtOneUCAYH/gxoYRTZlIJdF0YPWuGqiAsIrhNnnqdXGswYk6dGujem4w80UJFhg==",
      "license": "MIT",
      "dependencies": {
        "debug": "2.6.9",
        "encodeurl": "~2.0.0",
        "escape-html": "~1.0.3",
        "on-finished": "~2.4.1",
        "parseurl": "~1.3.3",
        "statuses": "~2.0.2",
        "unpipe": "~1.0.0"
      },
      "engines": {
        "node": ">= 0.8"
      }
    },
    "node_modules/forwarded": {
      "version": "0.2.0",
      "resolved": "https://registry.npmjs.org/forwarded/-/forwarded-0.2.0.tgz",
      "integrity": "sha512-buRG0fpBtRHSTCOASe6hD258tEubFoRLb4ZNA6NxMVHNw2gOcwHo9wyablzMzOA5z9xA9L1KNjk/Nt6MT9aYow==",
      "license": "MIT",
      "engines": {
        "node": ">= 0.6"
      }
    },
    "node_modules/fresh": {
      "version": "0.5.2",
      "resolved": "https://registry.npmjs.org/fresh/-/fresh-0.5.2.tgz",
      "integrity": "sha512-zJ2mQYM18rEFOudeV4GShTGIQ7RbzA7ozbU9I/XBpm7kqgMywgmylMwXHxZJmkVoYkna9d2pVXVXPdYTP9ej8Q==",
      "license": "MIT",
      "engines": {
        "node": ">= 0.6"
      }
    },
    "node_modules/function-bind": {
      "version": "1.1.2",
      "resolved": "https://registry.npmjs.org/function-bind/-/function-bind-1.1.2.tgz",
      "integrity": "sha512-7XHNxH7qX9xG5mIwxkhumTox/MIRNcOgDrxWsMt2pAr23WHp6MrRlN7FBSFpCpr+oVO0F744iUgR82nJMfG2SA==",
      "license": "MIT",
      "funding": {
        "url": "https://github.com/sponsors/ljharb"
      }
    },
    "node_modules/get-intrinsic": {
      "version": "1.3.0",
      "resolved": "https://registry.npmjs.org/get-intrinsic/-/get-intrinsic-1.3.0.tgz",
      "integrity": "sha512-9fSjSaos/fRIVIp+xSJlE6lfwhES7LNtKaCBIamHsjr2na1BiABJPo0mOjjz8GJDURarmCPGqaiVg5mfjb98CQ==",
      "license": "MIT",
      "dependencies": {
        "call-bind-apply-helpers": "^1.0.2",
        "es-define-property": "^1.0.1",
        "es-errors": "^1.3.0",
        "es-object-atoms": "^1.1.1",
        "function-bind": "^1.1.2",
        "get-proto": "^1.0.1",
        "gopd": "^1.2.0",
        "has-symbols": "^1.1.0",
        "hasown": "^2.0.2",
        "math-intrinsics": "^1.1.0"
      },
      "engines": {
        "node": ">= 0.4"
      },
      "funding": {
        "url": "https://github.com/sponsors/ljharb"
      }
    },
    "node_modules/get-proto": {
      "version": "1.0.1",
      "resolved": "https://registry.npmjs.org/get-proto/-/get-proto-1.0.1.tgz",
      "integrity": "sha512-sTSfBjoXBp89JvIKIefqw7U2CCebsc74kiY6awiGogKtoSGbgjYE/G/+l9sF3MWFPNc9IcoOC4ODfKHfxFmp0g==",
      "license": "MIT",
      "dependencies": {
        "dunder-proto": "^1.0.1",
        "es-object-atoms": "^1.0.0"
      },
      "engines": {
        "node": ">= 0.4"
      }
    },
    "node_modules/gopd": {
      "version": "1.2.0",
      "resolved": "https://registry.npmjs.org/gopd/-/gopd-1.2.0.tgz",
      "integrity": "sha512-ZUKRh6/kUFoAiTAtTYPZJ3hw9wNxx+BIBOijnlG9PnrJsCcSjs1wyyD6vJpaYtgnzDrKYRSqf3OO6Rfa93xsRg==",
      "license": "MIT",
      "engines": {
        "node": ">= 0.4"
      },
      "funding": {
        "url": "https://github.com/sponsors/ljharb"
      }
    },
    "node_modules/has-symbols": {
      "version": "1.1.0",
      "resolved": "https://registry.npmjs.org/has-symbols/-/has-symbols-1.1.0.tgz",
      "integrity": "sha512-1cDNdwJ2Jaohmb3sg4OmKaMBwuC48sYni5HUw2DvsC8LjGTLK9h+eb1X6RyuOHe4hT0ULCW68iomhjUoKUqlPQ==",
      "license": "MIT",
      "engines": {
        "node": ">= 0.4"
      },
      "funding": {
        "url": "https://github.com/sponsors/ljharb"
      }
    },
    "node_modules/hasown": {
      "version": "2.0.4",
      "resolved": "https://registry.npmjs.org/hasown/-/hasown-2.0.4.tgz",
      "integrity": "sha512-T2UbfbBEF32wiepXIsMlTW9+dDYC6wMh/t/vYA4tuOMKqWz/n3vr1NFSxQiyP+zk2mXsoMA/i/7qV6LKut1t1A==",
      "license": "MIT",
      "dependencies": {
        "function-bind": "^1.1.2"
      },
      "engines": {
        "node": ">= 0.4"
      }
    },
    "node_modules/http-errors": {
      "version": "2.0.1",
      "resolved": "https://registry.npmjs.org/http-errors/-/http-errors-2.0.1.tgz",
      "integrity": "sha512-4FbRdAX+bSdmo4AUFuS0WNiPz8NgFt+r8ThgNWmlrjQjt1Q7ZR9+zTlce2859x4KSXrwIsaeTqDoKQmtP8pLmQ==",
      "license": "MIT",
      "dependencies": {
        "depd": "~2.0.0",
        "inherits": "~2.0.4",
        "setprototypeof": "~1.2.0",
        "statuses": "~2.0.2",
        "toidentifier": "~1.0.1"
      },
      "engines": {
        "node": ">= 0.8"
      },
      "funding": {
        "type": "opencollective",
        "url": "https://opencollective.com/express"
      }
    },
    "node_modules/iconv-lite": {
      "version": "0.4.24",
      "resolved": "https://registry.npmjs.org/iconv-lite/-/iconv-lite-0.4.24.tgz",
      "integrity": "sha512-v3MXnZAcvnywkTUEZomIActle7RXXeedOR31wwl7VlyoXO4Qi9arvSenNQWne1TcRwhCL1HwLI21bEqdpj8/rA==",
      "license": "MIT",
      "dependencies": {
        "safer-buffer": ">= 2.1.2 < 3"
      },
      "engines": {
        "node": ">=0.10.0"
      }
    },
    "node_modules/inherits": {
      "version": "2.0.4",
      "resolved": "https://registry.npmjs.org/inherits/-/inherits-2.0.4.tgz",
      "integrity": "sha512-k/vGaX4/Yla3WzyMCvTQOXYeIHvqOKtnqBduzTHpzpQZzAskKMhZ2K+EnBiSM9zGSoIFeMpXKxa4dYeZIQqewQ==",
      "license": "ISC"
    },
    "node_modules/ipaddr.js": {
      "version": "1.9.1",
      "resolved": "https://registry.npmjs.org/ipaddr.js/-/ipaddr.js-1.9.1.tgz",
      "integrity": "sha512-0KI/607xoxSToH7GjN1FfSbLoU0+btTicjsQSWQlh/hZykN8KpmMf7uYwPW3R+akZ6R/w18ZlXSHBYXiYUPO3g==",
      "license": "MIT",
      "engines": {
        "node": ">= 0.10"
      }
    },
    "node_modules/math-intrinsics": {
      "version": "1.1.0",
      "resolved": "https://registry.npmjs.org/math-intrinsics/-/math-intrinsics-1.1.0.tgz",
      "integrity": "sha512-/IXtbwEk5HTPyEwyKX6hGkYXxM9nbj64B+ilVJnC/R6B0pH5G4V3b0pVbL7DBj4tkhBAppbQUlf6F6Xl9LHu1g==",
      "license": "MIT",
      "engines": {
        "node": ">= 0.4"
      }
    },
    "node_modules/media-typer": {
      "version": "0.3.0",
      "resolved": "https://registry.npmjs.org/media-typer/-/media-typer-0.3.0.tgz",
      "integrity": "sha512-dq+qelQ9akHpcOl/gUVRTxVIOkAJ1wR3QAvb4RsVjS8oVoFjDGTc679wJYmUmknUF5HwMLOgb5O+a3KxfWapPQ==",
      "license": "MIT",
      "engines": {
        "node": ">= 0.6"
      }
    },
    "node_modules/merge-descriptors": {
      "version": "1.0.3",
      "resolved": "https://registry.npmjs.org/merge-descriptors/-/merge-descriptors-1.0.3.tgz",
      "integrity": "sha512-gaNvAS7TZ897/rVaZ0nMtAyxNyi/pdbjbAwUpFQpN70GqnVfOiXpeUUMKRBmzXaSQ8DdTX4/0ms62r2K+hE6mQ==",
      "license": "MIT",
      "funding": {
        "url": "https://github.com/sponsors/sindresorhus"
      }
    },
    "node_modules/methods": {
      "version": "1.1.2",
      "resolved": "https://registry.npmjs.org/methods/-/methods-1.1.2.tgz",
      "integrity": "sha512-iclAHeNqNm68zFtnZ0e+1L2yUIdvzNoauKU4WBA3VvH/vPFieF7qfRlwUZU+DA9P9bPXIS90ulxoUoCH23sV2w==",
      "license": "MIT",
      "engines": {
        "node": ">= 0.6"
      }
    },
    "node_modules/mime": {
      "version": "1.6.0",
      "resolved": "https://registry.npmjs.org/mime/-/mime-1.6.0.tgz",
      "integrity": "sha512-x0Vn8spI+wuJ1O6S7gnbaQg8Pxh4NNHb7KSINmEWKiPE4RKOplvijn+NkmYmmRgP68mc70j2EbeTFRsrswaQeg==",
      "license": "MIT",
      "bin": {
        "mime": "cli.js"
      },
      "engines": {
        "node": ">=4"
      }
    },
    "node_modules/mime-db": {
      "version": "1.52.0",
      "resolved": "https://registry.npmjs.org/mime-db/-/mime-db-1.52.0.tgz",
      "integrity": "sha512-sPU4uV7dYlvtWJxwwxHD0PuihVNiE7TyAbQ5SWxDCB9mUYvOgroQOwYQQOKPJ8CIbE+1ETVlOoK1UC2nU3gYvg==",
      "license": "MIT",
      "engines": {
        "node": ">= 0.6"
      }
    },
    "node_modules/mime-types": {
      "version": "2.1.35",
      "resolved": "https://registry.npmjs.org/mime-types/-/mime-types-2.1.35.tgz",
      "integrity": "sha512-ZDY+bPm5zTTF+YpCrAU9nK0UgICYPT0QtT1NZWFv4s++TNkcgVaT0g6+4R2uI4MjQjzysHB1zxuWL50hzaeXiw==",
      "license": "MIT",
      "dependencies": {
        "mime-db": "1.52.0"
      },
      "engines": {
        "node": ">= 0.6"
      }
    },
    "node_modules/ms": {
      "version": "2.0.0",
      "resolved": "https://registry.npmjs.org/ms/-/ms-2.0.0.tgz",
      "integrity": "sha512-Tpp60P6IUJDTuOq/5Z8cdskzJujfwqfOTkrwIwj7IRISpnkJnT6SyJ4PCPnGMoFjC9ddhal5KVIYtAt97ix05A==",
      "license": "MIT"
    },
    "node_modules/negotiator": {
      "version": "0.6.3",
      "resolved": "https://registry.npmjs.org/negotiator/-/negotiator-0.6.3.tgz",
      "integrity": "sha512-+EUsqGPLsM+j/zdChZjsnX51g4XrHFOIXwfnCVPGlQk/k5giakcKsuxCObBRu6DSm9opw/O6slWbJdghQM4bBg==",
      "license": "MIT",
      "engines": {
        "node": ">= 0.6"
      }
    },
    "node_modules/object-assign": {
      "version": "4.1.1",
      "resolved": "https://registry.npmjs.org/object-assign/-/object-assign-4.1.1.tgz",
      "integrity": "sha512-rJgTQnkUnH1sFw8yT6VSU3zD3sWmu6sZhIseY8VX+GRu3P6F7Fu+JNDoXfklElbLJSnc3FUQHVe4cU5hj+BcUg==",
      "license": "MIT",
      "engines": {
        "node": ">=0.10.0"
      }
    },
    "node_modules/object-inspect": {
      "version": "1.13.4",
      "resolved": "https://registry.npmjs.org/object-inspect/-/object-inspect-1.13.4.tgz",
      "integrity": "sha512-W67iLl4J2EXEGTbfeHCffrjDfitvLANg0UlX3wFUUSTx92KXRFegMHUVgSqE+wvhAbi4WqjGg9czysTV2Epbew==",
      "license": "MIT",
      "engines": {
        "node": ">= 0.4"
      },
      "funding": {
    …4633 tokens truncated…ealPlayer}=require('../status/status-manager');
function shuffle(list){for(let i=list.length-1;i>0;i--){const j=crypto.randomInt(i+1);[list[i],list[j]]=[list[j],list[i]];}return list;}
function instance(card){return {...JSON.parse(JSON.stringify(card)),uid:crypto.randomUUID()};}
function ensureCollection(player){player.explorationCards=(Array.isArray(player.explorationCards)?player.explorationCards:[]).filter(id=>C.rewardPool(player.sinnerId).some(c=>c.id===id)).slice(0,24);return player.explorationCards;}
function grantCard(player,card){const ids=ensureCollection(player);if(ids.length>=24)return null;const def=C.rewardPool(player.sinnerId).find(c=>c.id===(typeof card==='string'?card:card?.id));if(!def)return null;ids.push(def.id);return {...def};}
function deckFor(player){const removed=new Set(player.removedDeckCards||[]);const a=C.starterPersonalAbilities(player.sinnerId);return [...C.initialCards(player.sinnerId),...C.weaponCards(player.equipment?.weapon,player.sinnerId),...C.ABILITIES.slice(0,1).map(x=>({...x,kind:'ability',source:'通用'})),...a.map(card=>({...card,kind:'ability',source:'罪人限定'})),...ensureCollection(player).map(id=>({...C.COLLECTIBLE.find(c=>c.id===id),source:'探索'}))].filter(c=>c.source==='探索'||!removed.has(c.id));}
function starterSkill(player){const first=SINNER_SKILLS.find(s=>s.sinnerId===player.sinnerId);player.learnedSkills=Array.isArray(player.learnedSkills)?player.learnedSkills:[];if(first&&!player.learnedSkills.length)player.learnedSkills.push(first.id);}
function draw(deck,count){const drawn=[];for(let i=0;i<count&&deck.hand.length<Number(deck.limit||8);i++){if(!deck.draw.length){if(!deck.discard.length)break;deck.draw=shuffle(deck.discard.splice(0));deck.shuffles++;}const card=deck.draw.shift();deck.hand.push(card);drawn.push(card);}return drawn;}
function initialize(room){const combat=room.combat;combat.cardMode=true;combat.cardDecks={};combat.roundGuard={};combat.selections={};for(const p of room.players.filter(p=>p.hp>0)){starterSkill(p);const deck={draw:shuffle(deckFor(p).map(instance)),discard:[],hand:[],personalVersion:31,personalUses:{},abilityUses:0,copies:0,shuffles:0,round:combat.round};combat.cardDecks[p.id]=deck;draw(deck,6);}return combat;}
function upgradePersonalDecks(room){for(const p of room.players||[]){const d=room.combat?.cardDecks?.[p.id];if(!d)continue;const exchange=C.extraPersonalAbilities('09').find(c=>c.effect==='exchange');for(const pile of ['hand','draw','discard'])for(const c of d[pile]||[])if(c.id===exchange.id){c.effect=exchange.effect;c.description=exchange.description;}if(d.personalVersion>=31)continue;const allowed=new Set([...C.ABILITIES.slice(0,1),...C.starterPersonalAbilities(p.sinnerId)].map(c=>c.id)),earned=new Set(p.explorationCards||[]);for(const pile of ['hand','draw','discard'])d[pile]=(d[pile]||[]).filter(c=>c.kind!=='ability'||allowed.has(c.id)||earned.has(c.id)||c.source==='探索'||c.temporary);const present=new Set([...d.hand,...d.draw,...d.discard].map(c=>c.id));d.draw.push(...C.starterPersonalAbilities(p.sinnerId).filter(c=>!present.has(c.id)&&!(p.removedDeckCards||[]).includes(c.id)).map(c=>instance({...c,kind:'ability',source:'罪人限定'})));const defs=new Map([...deckFor(p),...C.rewardPool(p.sinnerId)].map(c=>[c.id,c]));for(const pile of ['hand','draw','discard'])for(const c of d[pile]){const def=defs.get(c.id);if(c.kind==='action'&&!c.temporary&&def?.faces)c.faces=JSON.parse(JSON.stringify(def.faces));}d.personalUses=d.personalUses||{};d.personalVersion=31;}}
function ensureDeck(room,player){if(!room.combat.cardMode)initialize(room);const deck=room.combat.cardDecks?.[player.id];if(!deck)throw new Error('此玩家沒有戰鬥牌組。');upgradePersonalDecks(room);return deck;}
function assertPlayable(room,player){if(room.combat?.flowVersion&&!['attack','defense'].includes(room.combat.phase))throw new Error('請等待機動投骰或回合演出完成。');if(player.serverControl>0)throw new Error('治療過度：此回合由伺服器接管出牌。');if(room.phase!=='exploration'||!room.combat||room.combat.ended||player.hp<=0||!player.connected)throw new Error('目前不能出牌。');const deck=ensureDeck(room,player);if(room.combat.selections?.[player.id]?.confirmed)throw new Error('請先取消確認再修改卡牌。');return deck;}
function phaseTotals(room,hand,picks){const phase=room.combat?.phase;return C.totals(hand,room.combat?.flowVersion?picks.filter(p=>{const f=C.face(hand.find(c=>c.uid===p.uid)||{},p.flipped);return phase==='attack'?f?.type!=='guard':f?.type==='guard';}):picks);}
function skills(player){const list=SINNER_SKILLS.filter(s=>s.sinnerId===player.sinnerId);return list.map((s,i)=>({...applyUpgrade(s,player.skillUpgrades?.[s.id]),cardRequirement:C.requirement(s,i)})).filter(s=>player.learnedSkills?.includes(s.id));}
function validatePicks(deck,picks){if(!Array.isArray(picks)||picks.length>8)throw new Error('出牌資料不正確。');const ids=new Set();return picks.map(p=>{if(!p||typeof p.uid!=='string'||typeof p.flipped!=='boolean'||ids.has(p.uid))throw new Error('重複或無效的卡牌。');const card=deck.hand.find(c=>c.uid===p.uid);if(!card||card.kind!=='action')throw new Error('只能選擇手中的行動牌。');ids.add(p.uid);return {uid:p.uid,flipped:p.flipped};});}
function selection(room,player,{picks=[],targetId=null,partId=null,skillId=null}){const deck=assertPlayable(room,player),valid=validatePicks(deck,picks),totals=phaseTotals(room,deck.hand,valid);const enemy=(room.combat.enemies||[]).find(e=>e.instanceId===targetId&&e.currentHp>0)||(room.combat.enemies||[]).find(e=>e.currentHp>0);const part=enemy?.parts?.find(p=>p.id===partId&&!p.destroyed);if(skillId){const skill=skills(player).find(s=>s.id===skillId);if(!skill||!C.canUse(totals,skill))throw new Error('技能的罪孽卡牌條件尚未達成。');}const auto=skills(player).filter(s=>C.canUse(totals,s)).sort((a,b)=>Object.values(b.cardRequirement).reduce((x,y)=>x+y,0)-Object.values(a.cardRequirement).reduce((x,y)=>x+y,0)||b.cost-a.cost)[0];const matched=skills(player).filter(s=>C.canUse(totals,s)),chosen=matched[0]?.id||null;const selected={actionId:'cards',picks:valid,targetId:enemy?.instanceId||null,partId:part?.id||null,skillId:chosen,skillIds:require('../status/battle-status').sealed(player)?[]:matched.map(s=>s.id),confirmed:false,points:totals.points,counts:totals.counts,label:`${valid.length} 張牌${chosen?' · '+matched.map(s=>s.name).join('＋'):''}`};const {estimateDamage}=require('../combat/combat-actions');const actionsNow=actions(room,player,selected);const attackPreviews=actionsNow.filter(a=>!['card-guard','heal','team-buff','skill-utility'].includes(a.kind)&&!(a.kind==='special'&&!a.specialDamage)).flatMap(a=>['aoe','aoe-debuff'].includes(a.kind)?room.combat.enemies.filter(e=>e.currentHp>0).map(e=>estimateDamage(room,player,a,e,null)):[estimateDamage(room,player,a,enemy,part)]);selected.preview={attackDice:attackPreviews.reduce((sum,p)=>sum+p.diceCount,0),min:attackPreviews.reduce((sum,p)=>sum+p.min,0),max:attackPreviews.reduce((sum,p)=>sum+p.max,0),shield:actionsNow.reduce((sum,a)=>sum+Number(a.guardDice||0),0)};room.combat.selections[player.id]=selected;return selected;}
function useAbility(room,player,{uid,costId,targetId,enemyId}){const deck=assertPlayable(room,player);const card=deck.hand.find(c=>c.uid===uid);if(!card||card.kind!=='ability')throw new Error('這不是手中的能力牌。');if(card.sinnerId&&card.sinnerId!==player.sinnerId)throw new Error('這不是此罪人的能力牌。');if(deck.abilityUses>=2)throw new Error('每回合最多使用 2 張能力牌。');const reserved=new Set((room.combat.selections[player.id]?.picks||[]).map(p=>p.uid));const needCost=C.abilityNeedsCost(card),cost=needCost?deck.hand.find(c=>c.uid===costId&&c.uid!==uid&&!reserved.has(c.uid)):null;if(needCost&&!cost)throw new Error('請選擇 1 張未出的手牌作為棄牌代價。');if(card.battleLimit&&Number(deck.personalUses?.[card.id]||0)>=card.battleLimit)throw new Error('這張專屬能力牌已達本場使用上限。');const enemy=C.abilityNeedsEnemy(card)?room.combat.enemies.find(e=>e.instanceId===enemyId&&e.currentHp>0):null;if(C.abilityNeedsEnemy(card)&&!enemy)throw new Error('請選擇存活的敵方目標。');let target=null,exchangeDeck=null,exchangeCard=null;
 if(card.effect==='exchange'){if(cost?.kind!=='action')throw new Error('請選擇 1 張未出的行動手牌進行交換。');exchangeDeck=room.combat.enemyCardDecks?.[enemy.instanceId];const available=(exchangeDeck?.hand||[]).filter(c=>c.kind==='action');if(!available.length)throw new Error('目標敵方沒有可交換的行動手牌。');exchangeCard=available[crypto.randomInt(available.length)];}
 if(card.effect==='recover'){target=deck.discard.find(c=>c.uid===targetId&&c.kind==='action');if(!target)throw new Error('請選擇回收堆的行動牌。');}
 if(card.effect==='stack'){target=deck.draw.find(c=>c.uid===targetId&&c.kind==='action');if(!target)throw new Error('請選擇抽牌堆的行動牌。');}
 if(card.effect==='copy'){target=deck.hand.find(c=>c.uid===targetId&&c.kind==='action'&&c.uid!==costId);if(!target)throw new Error('請選擇另一張手中行動牌。');if(deck.copies>=2)throw new Error('每場戰鬥最多複製 2 張牌。');}
 
 deck.limit=require('../status/battle-status').handLimit(player);deck.hand=deck.hand.filter(c=>c.uid!==uid&&c.uid!==cost?.uid);deck.discard.push(card);const B=require('../status/battle-status');B.cardEvent(player,'discard',card,'hand');if(cost&&card.effect!=='exchange'){deck.discard.push(cost);B.cardEvent(player,'discard',cost,'hand');}deck.abilityUses++;deck.personalUses=deck.personalUses||{};deck.personalUses[card.id]=Number(deck.personalUses[card.id]||0)+1;
 if(card.effect==='exchange'){
  exchangeDeck.hand=exchangeDeck.hand.filter(c=>c.uid!==exchangeCard.uid);exchangeDeck.hand.push(cost);deck.hand.push(exchangeCard);
  const intent=room.combat.lockedEnemyTurns?.find(t=>t.enemyId===enemy.instanceId)?.intent||room.combat.intents?.[enemy.instanceId];
  for(const plan of new Set([exchangeDeck.plan,intent?.cardPlan].filter(Boolean))){plan.picks=plan.picks.map(p=>p.uid===exchangeCard.uid?{...p,uid:cost.uid}:p);Object.assign(plan,C.totals(exchangeDeck.hand,plan.picks));plan.cards=plan.picks.map(p=>({...exchangeDeck.hand.find(c=>c.uid===p.uid),flipped:p.flipped}));}
  if(intent?.cardPlan){const plan=intent.cardPlan;intent.attackDice=plan.points.slash+plan.points.blunt+plan.points.pierce;intent.defenseDice=plan.points.guard;const guard=intent.type==='guard';if(intent.cardRequirement&&!C.meets(guard?plan.guardColors:plan.attackColors,intent.cardRequirement,guard?plan.guardFaces:plan.attackFaces)){intent.type=room.combat.phase==='attack'?'guard':'attack';intent.statusId=null;intent.label='普通出牌（交換後技能條件未達成）';}}
 }
 if(card.effect==='draw')draw(deck,1);
 if(card.effect==='shuffle'){shuffle(deck.draw);draw(deck,1);}
 if(card.effect==='recover'){deck.discard=deck.discard.filter(c=>c.uid!==target.uid);deck.hand.push(target);}
 if(card.effect==='stack'){deck.draw=deck.draw.filter(c=>c.uid!==target.uid);deck.draw.unshift(target);}
 if(card.effect==='copy'){deck.hand.push({...instance(target),temporary:true,source:'戰鬥複製'});deck.copies++;}
 const utility=require('../skills/skill-effects');utility.applySkillUtility(room,player,{...card,discardEnemy:0},enemy,0);if(card.discardEnemy)utility.alterEnemyCards(room,player,enemy,'hand');
 room.combat.log.push({round:room.combat.round,text:`${player.name} 使用「${card.name}」：${card.description||''}${card.effect==='exchange'?' 交給 '+enemy.name+'「'+cost.name+'」，取得「'+exchangeCard.name+'」。':cost?' 丟棄代價：'+cost.name+'。':''}手牌 ${deck.hand.length} 張、抽牌堆 ${deck.draw.length} 張、回收堆 ${deck.discard.length} 張。`});const old=room.combat.selections[player.id];if(old&&!player.serverControl)selection(room,player,old);if(player.serverControl)prepareAutomatic(room);return {name:card.name,drawn:deck.hand.length};}

function nextRound(room,{refill=true}={}){room.combat.roundGuard={};for(const p of room.players){const deck=room.combat.cardDecks?.[p.id];if(!deck)continue;const used=new Set((room.combat.selections?.[p.id]?.confirmed?room.combat.selections[p.id].picks||[]:[]).map(x=>x.uid));deck.discard.push(...deck.hand.filter(c=>used.has(c.uid)));deck.hand=deck.hand.filter(c=>!used.has(c.uid));deck.abilityUses=0;deck.round=room.combat.flowVersion?room.combat.phaseSerial:room.combat.round;if(refill&&p.hp>0){deck.limit=require('../status/battle-status').handLimit(p);require('../status/battle-status').trimHand(p,deck);draw(deck,Math.max(0,require('../status/battle-status').handTarget(p)-deck.hand.length));draw(deck,Math.min(2,Number(deck.nextDrawBonus||0)));}if(refill)deck.nextDrawBonus=0;}}
function actions(room,player,selected){const deck=ensureDeck(room,player),picks=validatePicks(deck,selected.picks||[]),t=phaseTotals(room,deck.hand,picks),{points}=t,B=require('../status/battle-status'),out=[];
 const chosen=B.sealed(player)?[]:skills(player).filter(s=>C.canUse(t,s)&&!(player.serverControl>0&&s.healOveruse));
 const zero=chosen.some(s=>s.zeroAttack),boost=chosen.filter(s=>s.kind==='attack-boost').reduce((n,s)=>n+Number(s.attackDiceBonus||0),0),flat=chosen.filter(s=>s.kind==='attack-boost').reduce((n,s)=>n+Number(s.flatDamage||0),0),hitStatuses=chosen.filter(s=>s.kind==='attack-boost'&&s.onHitStatus).map(s=>({id:s.onHitStatus,stacks:s.statusStacks||1}));
 if(points.guard>0)out.push({id:'card-guard',label:`防禦 · ${points.guard} 點`,kind:'card-guard',guardDice:points.guard});
 for(const s of chosen)out.push({...s,label:s.name,skillId:s.id,cardSkill:true,specialDamage:zero?false:s.specialDamage,teamBuff:s.kind==='team-buff',kind:s.kind==='attack-boost'?'skill-utility':s.kind});
 let first=true;for(const type of ['slash','blunt','pierce'])if(points[type]>0&&!zero){const n=points[type]+(first?boost+Number(player.markMods?.combat||0):0);out.push({id:'card-'+type,label:`${C.TYPES[type]}擊 · ${n} 骰`,kind:'card-attack',damageType:type,soundType:type,stat:'combat',power:1,cardBase:3*n,diceCount:n,flatDamage:first?flat:0,onKillHeal:first?chosen.filter(s=>s.kind==='attack-boost').reduce((n,s)=>n+Number(s.onKillHeal||0),0):0,onKillBuff:first?chosen.find(s=>s.kind==='attack-boost'&&s.onKillBuff)?.onKillBuff:null,onHitStatuses:first?hitStatuses:[]});first=false;}
 return out;
}
function autoSelect(room,player){const deck=ensureDeck(room,player),cards=deck.hand.filter(c=>c.kind==='action').slice(0,room.combat.flowVersion&&room.combat.exchange===1?3:5),picks=cards.map((c,i)=>({uid:c.uid,flipped:room.combat.flowVersion?(room.combat.phase==='defense'?true:false):i>=cards.length-2}));const target=room.combat.enemies.find(e=>e.currentHp>0);room.combat.selections[player.id]={actionId:'cards',picks,targetId:target?.instanceId,confirmed:true,label:'伺服器接管出牌'};}
function prepareAutomatic(room){if(room.combat?.flowVersion&&!['attack','defense'].includes(room.combat.phase))return;for(const p of room.players.filter(p=>p.connected&&p.hp>0&&p.serverControl>0))autoSelect(room,p);}
module.exports={upgradePersonalDecks,shuffle,instance,ensureCollection,grantCard,deckFor,draw,initialize,ensureDeck,starterSkill,assertPlayable,selection,useAbility,nextRound,actions,skills,validatePicks,autoSelect,prepareAutomatic};
